
Microsoft Visual Studio Solution File, Format Version 12.00
# Visual Studio Version 17
VisualStudioVersion = 17.11.35327.3
MinimumVisualStudioVersion = 10.0.40219.1
Project("{8BC9CEB8-8B4A-11D0-8D11-00A0C91BC942}") = "Lab 12 (1)", "Lab 12 (1)\Lab 12 (1).vcxproj", "{7EBEA1EC-EDF3-4CDD-A578-5DB861A022DA}"
EndProject
Global
	GlobalSection(SolutionConfigurationPlatforms) = preSolution
		Debug|x64 = Debug|x64
		Debug|x86 = Debug|x86
		Release|x64 = Release|x64
		Release|x86 = Release|x86
	EndGlobalSection
	GlobalSection(ProjectConfigurationPlatforms) = postSolution
		{7EBEA1EC-EDF3-4CDD-A578-5DB861A022DA}.Debug|x64.ActiveCfg = Debug|x64
		{7EBEA1EC-EDF3-4CDD-A578-5DB861A022DA}.Debug|x64.Build.0 = Debug|x64
		{7EBEA1EC-EDF3-4CDD-A578-5DB861A022DA}.Debug|x86.ActiveCfg = Debug|Win32
		{7EBEA1EC-EDF3-4CDD-A578-5DB861A022DA}.Debug|x86.Build.0 = Debug|Win32
		{7EBEA1EC-EDF3-4CDD-A578-5DB861A022DA}.Release|x64.ActiveCfg = Release|x64
		{7EBEA1EC-EDF3-4CDD-A578-5DB861A022DA}.Release|x64.Build.0 = Release|x64
		{7EBEA1EC-EDF3-4CDD-A578-5DB861A022DA}.Release|x86.ActiveCfg = Release|Win32
		{7EBEA1EC-EDF3-4CDD-A578-5DB861A022DA}.Release|x86.Build.0 = Release|Win32
	EndGlobalSection
	GlobalSection(SolutionProperties) = preSolution
		HideSolutionNode = FALSE
	EndGlobalSection
	GlobalSection(ExtensibilityGlobals) = postSolution
		SolutionGuid = {E95F51EB-25F2-4553-8111-1162C111F41A}
	EndGlobalSection
EndGlobal
